
Microsoft Visual Studio Solution File, Format Version 12.00
Project("{2150E333-8FDC-42A3-9474-1A3956D46DE8}") = "tests", "tests", "{D3A89E62-3462-42F2-8B67-00AFD62901C3}"
EndProject
Project("{2150E333-8FDC-42A3-9474-1A3956D46DE8}") = "src", "src", "{EEF21787-DB2E-4288-AF26-F5AFF98A17C0}"
EndProject
Project("{FAE04EC0-301F-11D3-BF4B-00C04F79EFBC}") = "API", "src\API\API.csproj", "{8C4EBF6D-28BD-4891-A685-659CCDC2CB6A}"
EndProject
Project("{2150E333-8FDC-42A3-9474-1A3956D46DE8}") = "Solution Items", "Solution Items", "{73630D00-5840-470C-B2AC-F2060C108F44}"
	ProjectSection(SolutionItems) = preProject
		API.http = API.http
		Directory.Build.props = Directory.Build.props
	EndProjectSection
EndProject
Project("{FAE04EC0-301F-11D3-BF4B-00C04F79EFBC}") = "Application", "src\Application\Application.csproj", "{6A82A18D-29C2-42D1-A593-1E4ECDB7EBA0}"
EndProject
Project("{FAE04EC0-301F-11D3-BF4B-00C04F79EFBC}") = "Infrastructure", "src\Infrastructure\Infrastructure.csproj", "{5B34C5EA-FBF9-4050-B655-5C7ACECE1E06}"
EndProject
Project("{FAE04EC0-301F-11D3-BF4B-00C04F79EFBC}") = "Domain", "src\Domain\Domain.csproj", "{6539FB70-E1F8-442D-A73E-52472644EE06}"
EndProject
Global
	GlobalSection(SolutionConfigurationPlatforms) = preSolution
		Debug|Any CPU = Debug|Any CPU
		Release|Any CPU = Release|Any CPU
	EndGlobalSection
	GlobalSection(NestedProjects) = preSolution
		{8C4EBF6D-28BD-4891-A685-659CCDC2CB6A} = {EEF21787-DB2E-4288-AF26-F5AFF98A17C0}
		{6A82A18D-29C2-42D1-A593-1E4ECDB7EBA0} = {EEF21787-DB2E-4288-AF26-F5AFF98A17C0}
		{5B34C5EA-FBF9-4050-B655-5C7ACECE1E06} = {EEF21787-DB2E-4288-AF26-F5AFF98A17C0}
		{6539FB70-E1F8-442D-A73E-52472644EE06} = {EEF21787-DB2E-4288-AF26-F5AFF98A17C0}
	EndGlobalSection
	GlobalSection(ProjectConfigurationPlatforms) = postSolution
		{8C4EBF6D-28BD-4891-A685-659CCDC2CB6A}.Debug|Any CPU.ActiveCfg = Debug|Any CPU
		{8C4EBF6D-28BD-4891-A685-659CCDC2CB6A}.Debug|Any CPU.Build.0 = Debug|Any CPU
		{8C4EBF6D-28BD-4891-A685-659CCDC2CB6A}.Release|Any CPU.ActiveCfg = Release|Any CPU
		{8C4EBF6D-28BD-4891-A685-659CCDC2CB6A}.Release|Any CPU.Build.0 = Release|Any CPU
		{6A82A18D-29C2-42D1-A593-1E4ECDB7EBA0}.Debug|Any CPU.ActiveCfg = Debug|Any CPU
		{6A82A18D-29C2-42D1-A593-1E4ECDB7EBA0}.Debug|Any CPU.Build.0 = Debug|Any CPU
		{6A82A18D-29C2-42D1-A593-1E4ECDB7EBA0}.Release|Any CPU.ActiveCfg = Release|Any CPU
		{6A82A18D-29C2-42D1-A593-1E4ECDB7EBA0}.Release|Any CPU.Build.0 = Release|Any CPU
		{5B34C5EA-FBF9-4050-B655-5C7ACECE1E06}.Debug|Any CPU.ActiveCfg = Debug|Any CPU
		{5B34C5EA-FBF9-4050-B655-5C7ACECE1E06}.Debug|Any CPU.Build.0 = Debug|Any CPU
		{5B34C5EA-FBF9-4050-B655-5C7ACECE1E06}.Release|Any CPU.ActiveCfg = Release|Any CPU
		{5B34C5EA-FBF9-4050-B655-5C7ACECE1E06}.Release|Any CPU.Build.0 = Release|Any CPU
		{6539FB70-E1F8-442D-A73E-52472644EE06}.Debug|Any CPU.ActiveCfg = Debug|Any CPU
		{6539FB70-E1F8-442D-A73E-52472644EE06}.Debug|Any CPU.Build.0 = Debug|Any CPU
		{6539FB70-E1F8-442D-A73E-52472644EE06}.Release|Any CPU.ActiveCfg = Release|Any CPU
		{6539FB70-E1F8-442D-A73E-52472644EE06}.Release|Any CPU.Build.0 = Release|Any CPU
	EndGlobalSection
EndGlobal
